
Microsoft Visual Studio Solution File, Format Version 12.00
# Visual Studio 2012
Project("{2150E333-8FDC-42A3-9474-1A3956D46DE8}") = "1 Layers", "1 Layers", "{B7C8EF17-07E9-462E-BA21-96E5BB9A0CB2}"
EndProject
Project("{2150E333-8FDC-42A3-9474-1A3956D46DE8}") = "1.1 Presentation", "1.1 Presentation", "{38F7FC48-EE3C-4523-AD59-67B5C17F16D5}"
EndProject
Project("{2150E333-8FDC-42A3-9474-1A3956D46DE8}") = "1.2 Application", "1.2 Application", "{54B84C10-DB21-413C-A037-7729BC5CFDF0}"
EndProject
Project("{2150E333-8FDC-42A3-9474-1A3956D46DE8}") = "1.3 Domain", "1.3 Domain", "{83797887-0595-4E88-9FA5-854F49E907FA}"
EndProject
Project("{2150E333-8FDC-42A3-9474-1A3956D46DE8}") = "1.4 Infrastructure", "1.4 Infrastructure", "{67541843-3F44-4F9A-A0E0-253DC6012FB1}"
EndProject
Project("{2150E333-8FDC-42A3-9474-1A3956D46DE8}") = "1.5 Test", "1.5 Test", "{20F694D1-A9AF-4879-9C54-03B55B93F87A}"
EndProject
Project("{FAE04EC0-301F-11D3-BF4B-00C04F79EFBC}") = "TEWorkFlow.Web.Client", "1 Layers\1.1 Presentation\TEWorkFlow.Web.Client\TEWorkFlow.Web.Client.csproj", "{44C473CA-D3D6-4AE9-A944-1DF8770B40AD}"
EndProject
Project("{2150E333-8FDC-42A3-9474-1A3956D46DE8}") = "1.4.1 NSH", "1.4.1 NSH", "{75DDE5DD-2291-4004-B7DF-4222D698DC44}"
EndProject
Project("{FAE04EC0-301F-11D3-BF4B-00C04F79EFBC}") = "NSH.Core", "1 Layers\1.4 Infrastructure\1.4.1 NSH\NSH.Core\NSH.Core.csproj", "{DDD1A0BF-884A-4F37-8186-04B30DBAEC94}"
EndProject
Project("{FAE04EC0-301F-11D3-BF4B-00C04F79EFBC}") = "NSH.Core.WPF", "1 Layers\1.4 Infrastructure\1.4.1 NSH\NSH.Core.WPF\NSH.Core.WPF.csproj", "{B38A3A7C-0AA1-463B-9F2E-6764DAC1E873}"
EndProject
Project("{FAE04EC0-301F-11D3-BF4B-00C04F79EFBC}") = "NSH.VSTO", "1 Layers\1.4 Infrastructure\1.4.1 NSH\NSH.VSTO\NSH.VSTO.csproj", "{A6628A7C-E438-4DB6-B7E0-FE4ED2F1F4E5}"
EndProject
Project("{FAE04EC0-301F-11D3-BF4B-00C04F79EFBC}") = "NSH.Repository", "1 Layers\1.4 Infrastructure\1.4.1 NSH\NSH.Repository\NSH.Repository.csproj", "{0E74AF39-D8D6-4E78-8137-5F875F36A82B}"
EndProject
Project("{FAE04EC0-301F-11D3-BF4B-00C04F79EFBC}") = "TEWorkFlow.Domain", "1 Layers\1.3 Domain\TEWorkFlow.Domain\TEWorkFlow.Domain.csproj", "{EE525669-C178-469E-BFB0-38E18900A1D3}"
EndProject
Project("{FAE04EC0-301F-11D3-BF4B-00C04F79EFBC}") = "TEWorkFlow.Application.Service", "1 Layers\1.2 Application\TEWorkFlow.Application.Service\TEWorkFlow.Application.Service.csproj", "{1BCD9140-E20D-4814-8ED0-F22DC0347F5B}"
EndProject
Project("{FAE04EC0-301F-11D3-BF4B-00C04F79EFBC}") = "TEWorkFlow.Application.Service.Test", "1 Layers\1.5 Test\TEWorkFlow.Application.Service.Test\TEWorkFlow.Application.Service.Test.csproj", "{5F716860-F79F-4593-8591-701C53460F21}"
EndProject
Project("{2150E333-8FDC-42A3-9474-1A3956D46DE8}") = "2 Lib", "2 Lib", "{F680E2C0-72F4-4394-889F-929C74B0998D}"
EndProject
Project("{FAE04EC0-301F-11D3-BF4B-00C04F79EFBC}") = "NSH.DataSetup", "1 Layers\1.4 Infrastructure\1.4.1 NSH\NSH.DataSetup\NSH.DataSetup.csproj", "{58928F36-FCEA-47D7-B311-36AC00E26A82}"
EndProject
Project("{FAE04EC0-301F-11D3-BF4B-00C04F79EFBC}") = "TEWorkFlow.Dto", "1 Layers\1.3 Domain\TEWorkFlow.Dto\TEWorkFlow.Dto.csproj", "{5B1E28FD-70C3-4511-A801-F3ADFBEAF8E3}"
EndProject
Project("{FAE04EC0-301F-11D3-BF4B-00C04F79EFBC}") = "TeWorkFlow.Application.DataEntity", "1 Layers\1.2 Application\TeWorkFlow.Application.DataEntity\TeWorkFlow.Application.DataEntity.csproj", "{23FE64BD-6763-4A42-9236-1CD48A017FE3}"
EndProject
Project("{FAE04EC0-301F-11D3-BF4B-00C04F79EFBC}") = "ConsoleTest", "ConsoleTest\ConsoleTest.csproj", "{AD118174-E48D-484F-96C4-60DC78227022}"
EndProject
Project("{FAE04EC0-301F-11D3-BF4B-00C04F79EFBC}") = "YiQiWorkFlow.Domain", "1 Layers\1.3 Domain\YiQiWorkFlow.Domain\YiQiWorkFlow.Domain.csproj", "{DB557BBF-C203-430E-8B93-ED58DE9804F2}"
EndProject
Project("{FAE04EC0-301F-11D3-BF4B-00C04F79EFBC}") = "YiQiWorkFlow.Application.Service", "1 Layers\1.2 Application\YiQiWorkFlow.Application.Service\YiQiWorkFlow.Application.Service.csproj", "{EB392179-AE21-41E3-84EC-00F551EA9BA2}"
EndProject
Global
	GlobalSection(SubversionScc) = preSolution
		Svn-Managed = True
		Manager = AnkhSVN - Subversion Support for Visual Studio
	EndGlobalSection
	GlobalSection(SolutionConfigurationPlatforms) = preSolution
		Debug|Any CPU = Debug|Any CPU
		Release|Any CPU = Release|Any CPU
	EndGlobalSection
	GlobalSection(ProjectConfigurationPlatforms) = postSolution
		{44C473CA-D3D6-4AE9-A944-1DF8770B40AD}.Debug|Any CPU.ActiveCfg = Debug|Any CPU
		{44C473CA-D3D6-4AE9-A944-1DF8770B40AD}.Debug|Any CPU.Build.0 = Debug|Any CPU
		{44C473CA-D3D6-4AE9-A944-1DF8770B40AD}.Release|Any CPU.ActiveCfg = Release|Any CPU
		{44C473CA-D3D6-4AE9-A944-1DF8770B40AD}.Release|Any CPU.Build.0 = Release|Any CPU
		{DDD1A0BF-884A-4F37-8186-04B30DBAEC94}.Debug|Any CPU.ActiveCfg = Debug|Any CPU
		{DDD1A0BF-884A-4F37-8186-04B30DBAEC94}.Debug|Any CPU.Build.0 = Debug|Any CPU
		{DDD1A0BF-884A-4F37-8186-04B30DBAEC94}.Release|Any CPU.ActiveCfg = Release|Any CPU
		{DDD1A0BF-884A-4F37-8186-04B30DBAEC94}.Release|Any CPU.Build.0 = Release|Any CPU
		{B38A3A7C-0AA1-463B-9F2E-6764DAC1E873}.Debug|Any CPU.ActiveCfg = Debug|Any CPU
		{B38A3A7C-0AA1-463B-9F2E-6764DAC1E873}.Debug|Any CPU.Build.0 = Debug|Any CPU
		{B38A3A7C-0AA1-463B-9F2E-6764DAC1E873}.Release|Any CPU.ActiveCfg = Release|Any CPU
		{B38A3A7C-0AA1-463B-9F2E-6764DAC1E873}.Release|Any CPU.Build.0 = Release|Any CPU
		{A6628A7C-E438-4DB6-B7E0-FE4ED2F1F4E5}.Debug|Any CPU.ActiveCfg = Debug|Any CPU
		{A6628A7C-E438-4DB6-B7E0-FE4ED2F1F4E5}.Debug|Any CPU.Build.0 = Debug|Any CPU
		{A6628A7C-E438-4DB6-B7E0-FE4ED2F1F4E5}.Release|Any CPU.ActiveCfg = Release|Any CPU
		{A6628A7C-E438-4DB6-B7E0-FE4ED2F1F4E5}.Release|Any CPU.Build.0 = Release|Any CPU
		{0E74AF39-D8D6-4E78-8137-5F875F36A82B}.Debug|Any CPU.ActiveCfg = Debug|Any CPU
		{0E74AF39-D8D6-4E78-8137-5F875F36A82B}.Debug|Any CPU.Build.0 = Debug|Any CPU
		{0E74AF39-D8D6-4E78-8137-5F875F36A82B}.Release|Any CPU.ActiveCfg = Release|Any CPU
		{0E74AF39-D8D6-4E78-8137-5F875F36A82B}.Release|Any CPU.Build.0 = Release|Any CPU
		{EE525669-C178-469E-BFB0-38E18900A1D3}.Debug|Any CPU.ActiveCfg = Debug|Any CPU
		{EE525669-C178-469E-BFB0-38E18900A1D3}.Debug|Any CPU.Build.0 = Debug|Any CPU
		{EE525669-C178-469E-BFB0-38E18900A1D3}.Release|Any CPU.ActiveCfg = Release|Any CPU
		{EE525669-C178-469E-BFB0-38E18900A1D3}.Release|Any CPU.Build.0 = Release|Any CPU
		{1BCD9140-E20D-4814-8ED0-F22DC0347F5B}.Debug|Any CPU.ActiveCfg = Debug|Any CPU
		{1BCD9140-E20D-4814-8ED0-F22DC0347F5B}.Debug|Any CPU.Build.0 = Debug|Any CPU
		{1BCD9140-E20D-4814-8ED0-F22DC0347F5B}.Release|Any CPU.ActiveCfg = Release|Any CPU
		{1BCD9140-E20D-4814-8ED0-F22DC0347F5B}.Release|Any CPU.Build.0 = Release|Any CPU
		{5F716860-F79F-4593-8591-701C53460F21}.Debug|Any CPU.ActiveCfg = Debug|Any CPU
		{5F716860-F79F-4593-8591-701C53460F21}.Debug|Any CPU.Build.0 = Debug|Any CPU
		{5F716860-F79F-4593-8591-701C53460F21}.Release|Any CPU.ActiveCfg = Release|Any CPU
		{5F716860-F79F-4593-8591-701C53460F21}.Release|Any CPU.Build.0 = Release|Any CPU
		{58928F36-FCEA-47D7-B311-36AC00E26A82}.Debug|Any CPU.ActiveCfg = Debug|Any CPU
		{58928F36-FCEA-47D7-B311-36AC00E26A82}.Debug|Any CPU.Build.0 = Debug|Any CPU
		{58928F36-FCEA-47D7-B311-36AC00E26A82}.Release|Any CPU.ActiveCfg = Release|Any CPU
		{58928F36-FCEA-47D7-B311-36AC00E26A82}.Release|Any CPU.Build.0 = Release|Any CPU
		{5B1E28FD-70C3-4511-A801-F3ADFBEAF8E3}.Debug|Any CPU.ActiveCfg = Debug|Any CPU
		{5B1E28FD-70C3-4511-A801-F3ADFBEAF8E3}.Debug|Any CPU.Build.0 = Debug|Any CPU
		{5B1E28FD-70C3-4511-A801-F3ADFBEAF8E3}.Release|Any CPU.ActiveCfg = Release|Any CPU
		{5B1E28FD-70C3-4511-A801-F3ADFBEAF8E3}.Release|Any CPU.Build.0 = Release|Any CPU
		{23FE64BD-6763-4A42-9236-1CD48A017FE3}.Debug|Any CPU.ActiveCfg = Debug|Any CPU
		{23FE64BD-6763-4A42-9236-1CD48A017FE3}.Debug|Any CPU.Build.0 = Debug|Any CPU
		{23FE64BD-6763-4A42-9236-1CD48A017FE3}.Release|Any CPU.ActiveCfg = Release|Any CPU
		{23FE64BD-6763-4A42-9236-1CD48A017FE3}.Release|Any CPU.Build.0 = Release|Any CPU
		{AD118174-E48D-484F-96C4-60DC78227022}.Debug|Any CPU.ActiveCfg = Debug|Any CPU
		{AD118174-E48D-484F-96C4-60DC78227022}.Debug|Any CPU.Build.0 = Debug|Any CPU
		{AD118174-E48D-484F-96C4-60DC78227022}.Release|Any CPU.ActiveCfg = Release|Any CPU
		{AD118174-E48D-484F-96C4-60DC78227022}.Release|Any CPU.Build.0 = Release|Any CPU
		{DB557BBF-C203-430E-8B93-ED58DE9804F2}.Debug|Any CPU.ActiveCfg = Debug|Any CPU
		{DB557BBF-C203-430E-8B93-ED58DE9804F2}.Debug|Any CPU.Build.0 = Debug|Any CPU
		{DB557BBF-C203-430E-8B93-ED58DE9804F2}.Release|Any CPU.ActiveCfg = Release|Any CPU
		{DB557BBF-C203-430E-8B93-ED58DE9804F2}.Release|Any CPU.Build.0 = Release|Any CPU
		{EB392179-AE21-41E3-84EC-00F551EA9BA2}.Debug|Any CPU.ActiveCfg = Debug|Any CPU
		{EB392179-AE21-41E3-84EC-00F551EA9BA2}.Debug|Any CPU.Build.0 = Debug|Any CPU
		{EB392179-AE21-41E3-84EC-00F551EA9BA2}.Release|Any CPU.ActiveCfg = Release|Any CPU
		{EB392179-AE21-41E3-84EC-00F551EA9BA2}.Release|Any CPU.Build.0 = Release|Any CPU
	EndGlobalSection
	GlobalSection(SolutionProperties) = preSolution
		HideSolutionNode = FALSE
	EndGlobalSection
	GlobalSection(NestedProjects) = preSolution
		{38F7FC48-EE3C-4523-AD59-67B5C17F16D5} = {B7C8EF17-07E9-462E-BA21-96E5BB9A0CB2}
		{54B84C10-DB21-413C-A037-7729BC5CFDF0} = {B7C8EF17-07E9-462E-BA21-96E5BB9A0CB2}
		{83797887-0595-4E88-9FA5-854F49E907FA} = {B7C8EF17-07E9-462E-BA21-96E5BB9A0CB2}
		{67541843-3F44-4F9A-A0E0-253DC6012FB1} = {B7C8EF17-07E9-462E-BA21-96E5BB9A0CB2}
		{20F694D1-A9AF-4879-9C54-03B55B93F87A} = {B7C8EF17-07E9-462E-BA21-96E5BB9A0CB2}
		{44C473CA-D3D6-4AE9-A944-1DF8770B40AD} = {38F7FC48-EE3C-4523-AD59-67B5C17F16D5}
		{1BCD9140-E20D-4814-8ED0-F22DC0347F5B} = {54B84C10-DB21-413C-A037-7729BC5CFDF0}
		{23FE64BD-6763-4A42-9236-1CD48A017FE3} = {54B84C10-DB21-413C-A037-7729BC5CFDF0}
		{EB392179-AE21-41E3-84EC-00F551EA9BA2} = {54B84C10-DB21-413C-A037-7729BC5CFDF0}
		{EE525669-C178-469E-BFB0-38E18900A1D3} = {83797887-0595-4E88-9FA5-854F49E907FA}
		{5B1E28FD-70C3-4511-A801-F3ADFBEAF8E3} = {83797887-0595-4E88-9FA5-854F49E907FA}
		{DB557BBF-C203-430E-8B93-ED58DE9804F2} = {83797887-0595-4E88-9FA5-854F49E907FA}
		{75DDE5DD-2291-4004-B7DF-4222D698DC44} = {67541843-3F44-4F9A-A0E0-253DC6012FB1}
		{5F716860-F79F-4593-8591-701C53460F21} = {20F694D1-A9AF-4879-9C54-03B55B93F87A}
		{AD118174-E48D-484F-96C4-60DC78227022} = {20F694D1-A9AF-4879-9C54-03B55B93F87A}
		{DDD1A0BF-884A-4F37-8186-04B30DBAEC94} = {75DDE5DD-2291-4004-B7DF-4222D698DC44}
		{B38A3A7C-0AA1-463B-9F2E-6764DAC1E873} = {75DDE5DD-2291-4004-B7DF-4222D698DC44}
		{A6628A7C-E438-4DB6-B7E0-FE4ED2F1F4E5} = {75DDE5DD-2291-4004-B7DF-4222D698DC44}
		{0E74AF39-D8D6-4E78-8137-5F875F36A82B} = {75DDE5DD-2291-4004-B7DF-4222D698DC44}
		{58928F36-FCEA-47D7-B311-36AC00E26A82} = {75DDE5DD-2291-4004-B7DF-4222D698DC44}
	EndGlobalSection
	GlobalSection(Performance) = preSolution
		HasPerformanceSessions = true
	EndGlobalSection
EndGlobal
